
Microsoft Visual Studio Solution File, Format Version 12.00
# Visual Studio Version 16
VisualStudioVersion = 16.0.29911.84
MinimumVisualStudioVersion = 10.0.40219.1
Project("{FAE04EC0-301F-11D3-BF4B-00C04F79EFBC}") = "ReqIF_Editor", "ReqIF_Editor.csproj", "{807F8814-1748-4DB9-9CC4-D5FA206F6354}"
EndProject
Project("{9A19103F-16F7-4668-BE54-9A1E7A4F7556}") = "ReqIFSharp", "..\reqifsharp_plus\ReqIFSharp\ReqIFSharp.csproj", "{5289FA4D-59C1-4119-9CB4-1125D408584E}"
EndProject
Global
	GlobalSection(SolutionConfigurationPlatforms) = preSolution
		Debug|Any CPU = Debug|Any CPU
		Debug|x86 = Debug|x86
		Release|Any CPU = Release|Any CPU
		Release|x86 = Release|x86
	EndGlobalSection
	GlobalSection(ProjectConfigurationPlatforms) = postSolution
		{807F8814-1748-4DB9-9CC4-D5FA206F6354}.Debug|Any CPU.ActiveCfg = Debug|Any CPU
		{807F8814-1748-4DB9-9CC4-D5FA206F6354}.Debug|Any CPU.Build.0 = Debug|Any CPU
		{807F8814-1748-4DB9-9CC4-D5FA206F6354}.Debug|x86.ActiveCfg = Debug|Any CPU
		{807F8814-1748-4DB9-9CC4-D5FA206F6354}.Debug|x86.Build.0 = Debug|Any CPU
		{807F8814-1748-4DB9-9CC4-D5FA206F6354}.Release|Any CPU.ActiveCfg = Release|Any CPU
		{807F8814-1748-4DB9-9CC4-D5FA206F6354}.Release|Any CPU.Build.0 = Release|Any CPU
		{807F8814-1748-4DB9-9CC4-D5FA206F6354}.Release|x86.ActiveCfg = Release|Any CPU
		{807F8814-1748-4DB9-9CC4-D5FA206F6354}.Release|x86.Build.0 = Release|Any CPU
		{5289FA4D-59C1-4119-9CB4-1125D408584E}.Debug|Any CPU.ActiveCfg = Debug|Any CPU
		{5289FA4D-59C1-4119-9CB4-1125D408584E}.Debug|Any CPU.Build.0 = Debug|Any CPU
		{5289FA4D-59C1-4119-9CB4-1125D408584E}.Debug|x86.ActiveCfg = Debug|Any CPU
		{5289FA4D-59C1-4119-9CB4-1125D408584E}.Debug|x86.Build.0 = Debug|Any CPU
		{5289FA4D-59C1-4119-9CB4-1125D408584E}.Release|Any CPU.ActiveCfg = Release|Any CPU
		{5289FA4D-59C1-4119-9CB4-1125D408584E}.Release|Any CPU.Build.0 = Release|Any CPU
		{5289FA4D-59C1-4119-9CB4-1125D408584E}.Release|x86.ActiveCfg = Release|Any CPU
		{5289FA4D-59C1-4119-9CB4-1125D408584E}.Release|x86.Build.0 = Release|Any CPU
	EndGlobalSection
	GlobalSection(SolutionProperties) = preSolution
		HideSolutionNode = FALSE
	EndGlobalSection
	GlobalSection(ExtensibilityGlobals) = postSolution
		SolutionGuid = {4B706458-5616-46A0-B8CB-3F4376BA7014}
	EndGlobalSection
EndGlobal
